{
  "version": "3",
  "packages": {
    "specifiers": {
      "npm:openai": "npm:openai@4.97.0"
    },
    "npm": {
      "@types/node-fetch@2.6.12": {
        "integrity": "sha512-8nneRWKCg3rMtF69nLQJnOYUcbafYeFSjqkw3jCRLsqkWFlHaoQrr5mXmofFGOx3DKn7UfmBMyov8ySvLRVldA==",
        "dependencies": {
          "@types/node": "@types/node@18.16.19",
          "form-data": "form-data@4.0.2"
        }
      },
      "@types/node@18.16.19": {
        "integrity": "sha512-IXl7o+R9iti9eBW4Wg2hx1xQDig183jj7YLn8F7udNceyfkbn1ZxmzZXuak20gR40D7pIkIY1kYGx5VIGbaHKA==",
        "dependencies": {}
      },
      "@types/node@18.17.17": {
        "integrity": "sha512-cOxcXsQ2sxiwkykdJqvyFS+MLQPLvIdwh5l6gNg8qF6s+C7XSkEWOZjK+XhUZd+mYvHV/180g2cnCcIl4l06Pw==",
        "dependencies": {}
      },
      "abort-controller@3.0.0": {
        "integrity": "sha512-h8lQ8tacZYnR3vNQTgibj+tODHI5/+l06Au2Pcriv/Gmet0eaj4TwWH41sO9wnHDiQsEj19q0drzdWdeAHtweg==",
        "dependencies": {
          "event-target-shim": "event-target-shim@5.0.1"
        }
      },
      "agentkeepalive@4.6.0": {
        "integrity": "sha512-kja8j7PjmncONqaTsB8fQ+wE2mSU2DJ9D4XKoJ5PFWIdRMa6SLSN1ff4mOr4jCbfRSsxR4keIiySJU0N9T5hIQ==",
        "dependencies": {
          "humanize-ms": "humanize-ms@1.2.1"
        }
      },
      "asynckit@0.4.0": {
        "integrity": "sha512-Oei9OH4tRh0YqU3GxhX79dM/mwVgvbZJaSNaRk+bshkj0S5cfHcgYakreBjrHwatXKbz+IoIdYLxrKim2MjW0Q==",
        "dependencies": {}
      },
      "call-bind-apply-helpers@1.0.2": {
        "integrity": "sha512-Sp1ablJ0ivDkSzjcaJdxEunN5/XvksFJ2sMBFfq6x0ryhQV/2b/KwFe21cMpmHtPOSij8K99/wSfoEuTObmuMQ==",
        "dependencies": {
          "es-errors": "es-errors@1.3.0",
          "function-bind": "function-bind@1.1.2"
        }
      },
      "combined-stream@1.0.8": {
        "integrity": "sha512-FQN4MRfuJeHf7cBbBMJFXhKSDq+2kAArBlmRBvcvFE5BB1HZKXtSFASDhdlz9zOYwxh8lDdnvmMOe/+5cdoEdg==",
        "dependencies": {
          "delayed-stream": "delayed-stream@1.0.0"
        }
      },
      "delayed-stream@1.0.0": {
        "integrity": "sha512-ZySD7Nf91aLB0RxL4KGrKHBXl7Eds1DAmEdcoVawXnLD7SDhpNgtuII2aAkg7a7QS41jxPSZ17p4VdGnMHk3MQ==",
        "dependencies": {}
      },
      "dunder-proto@1.0.1": {
        "integrity": "sha512-KIN/nDJBQRcXw0MLVhZE9iQHmG68qAVIBg9CqmUYjmQIhgij9U5MFvrqkUL5FbtyyzZuOeOt0zdeRe4UY7ct+A==",
        "dependencies": {
          "call-bind-apply-helpers": "call-bind-apply-helpers@1.0.2",
          "es-errors": "es-errors@1.3.0",
          "gopd": "gopd@1.2.0"
        }
      },
      "es-define-property@1.0.1": {
        "integrity": "sha512-e3nRfgfUZ4rNGL232gUgX06QNyyez04KdjFrF+LTRoOXmrOgFKDg4BCdsjW8EnT69eqdYGmRpJwiPVYNrCaW3g==",
        "dependencies": {}
      },
      "es-errors@1.3.0": {
        "integrity": "sha512-Zf5H2Kxt2xjTvbJvP2ZWLEICxA6j+hAmMzIlypy4xcBg1vKVnx89Wy0GbS+kf5cwCVFFzdCFh2XSCFNULS6csw==",
        "dependencies": {}
      },
      "es-object-atoms@1.1.1": {
        "integrity": "sha512-FGgH2h8zKNim9ljj7dankFPcICIK9Cp5bm+c2gQSYePhpaG5+esrLODihIorn+Pe6FGJzWhXQotPv73jTaldXA==",
        "dependencies": {
          "es-errors": "es-errors@1.3.0"
        }
      },
      "es-set-tostringtag@2.1.0": {
        "integrity": "sha512-j6vWzfrGVfyXxge+O0x5sh6cvxAog0a/4Rdd2K36zCMV5eJ+/+tOAngRO8cODMNWbVRdVlmGZQL2YS3yR8bIUA==",
        "dependencies": {
          "es-errors": "es-errors@1.3.0",
          "get-intrinsic": "get-intrinsic@1.3.0",
          "has-tostringtag": "has-tostringtag@1.0.2",
          "hasown": "hasown@2.0.2"
        }
      },
      "event-target-shim@5.0.1": {
        "integrity": "sha512-i/2XbnSz/uxRCU6+NdVJgKWDTM427+MqYbkQzD321DuCQJUqOuJKIA0IM2+W2xtYHdKOmZ4dR6fExsd4SXL+WQ==",
        "dependencies": {}
      },
      "form-data-encoder@1.7.2": {
        "integrity": "sha512-qfqtYan3rxrnCk1VYaA4H+Ms9xdpPqvLZa6xmMgFvhO32x7/3J/ExcTd6qpxM0vH2GdMI+poehyBZvqfMTto8A==",
        "dependencies": {}
      },
      "form-data@4.0.2": {
        "integrity": "sha512-hGfm/slu0ZabnNt4oaRZ6uREyfCj6P4fT/n6A1rGV+Z0VdGXjfOhVUpkn6qVQONHGIFwmveGXyDs75+nr6FM8w==",
        "dependencies": {
          "asynckit": "asynckit@0.4.0",
          "combined-stream": "combined-stream@1.0.8",
          "es-set-tostringtag": "es-set-tostringtag@2.1.0",
          "mime-types": "mime-types@2.1.35"
        }
      },
      "formdata-node@4.4.1": {
        "integrity": "sha512-0iirZp3uVDjVGt9p49aTaqjk84TrglENEDuqfdlZQ1roC9CWlPk6Avf8EEnZNcAqPonwkG35x4n3ww/1THYAeQ==",
        "dependencies": {
          "node-domexception": "node-domexception@1.0.0",
          "web-streams-polyfill": "web-streams-polyfill@4.0.0-beta.3"
        }
      },
      "function-bind@1.1.2": {
        "integrity": "sha512-7XHNxH7qX9xG5mIwxkhumTox/MIRNcOgDrxWsMt2pAr23WHp6MrRlN7FBSFpCpr+oVO0F744iUgR82nJMfG2SA==",
        "dependencies": {}
      },
      "get-intrinsic@1.3.0": {
        "integrity": "sha512-9fSjSaos/fRIVIp+xSJlE6lfwhES7LNtKaCBIamHsjr2na1BiABJPo0mOjjz8GJDURarmCPGqaiVg5mfjb98CQ==",
        "dependencies": {
          "call-bind-apply-helpers": "call-bind-apply-helpers@1.0.2",
          "es-define-property": "es-define-property@1.0.1",
          "es-errors": "es-errors@1.3.0",
          "es-object-atoms": "es-object-atoms@1.1.1",
          "function-bind": "function-bind@1.1.2",
          "get-proto": "get-proto@1.0.1",
          "gopd": "gopd@1.2.0",
          "has-symbols": "has-symbols@1.1.0",
          "hasown": "hasown@2.0.2",
          "math-intrinsics": "math-intrinsics@1.1.0"
        }
      },
      "get-proto@1.0.1": {
        "integrity": "sha512-sTSfBjoXBp89JvIKIefqw7U2CCebsc74kiY6awiGogKtoSGbgjYE/G/+l9sF3MWFPNc9IcoOC4ODfKHfxFmp0g==",
        "dependencies": {
          "dunder-proto": "dunder-proto@1.0.1",
          "es-object-atoms": "es-object-atoms@1.1.1"
        }
      },
      "gopd@1.2.0": {
        "integrity": "sha512-ZUKRh6/kUFoAiTAtTYPZJ3hw9wNxx+BIBOijnlG9PnrJsCcSjs1wyyD6vJpaYtgnzDrKYRSqf3OO6Rfa93xsRg==",
        "dependencies": {}
      },
      "has-symbols@1.1.0": {
        "integrity": "sha512-1cDNdwJ2Jaohmb3sg4OmKaMBwuC48sYni5HUw2DvsC8LjGTLK9h+eb1X6RyuOHe4hT0ULCW68iomhjUoKUqlPQ==",
        "dependencies": {}
      },
      "has-tostringtag@1.0.2": {
        "integrity": "sha512-NqADB8VjPFLM2V0VvHUewwwsw0ZWBaIdgo+ieHtK3hasLz4qeCRjYcqfB6AQrBggRKppKF8L52/VqdVsO47Dlw==",
        "dependencies": {
          "has-symbols": "has-symbols@1.1.0"
        }
      },
      "hasown@2.0.2": {
        "integrity": "sha512-0hJU9SCPvmMzIBdZFqNPXWa6dqh7WdH0cII9y+CyS8rG3nL48Bclra9HmKhVVUHyPWNH5Y7xDwAB7bfgSjkUMQ==",
        "dependencies": {
          "function-bind": "function-bind@1.1.2"
        }
      },
      "humanize-ms@1.2.1": {
        "integrity": "sha512-Fl70vYtsAFb/C06PTS9dZBo7ihau+Tu/DNCk/OyHhea07S+aeMWpFFkUaXRa8fI+ScZbEI8dfSxwY7gxZ9SAVQ==",
        "dependencies": {
          "ms": "ms@2.1.3"
        }
      },
      "math-intrinsics@1.1.0": {
        "integrity": "sha512-/IXtbwEk5HTPyEwyKX6hGkYXxM9nbj64B+ilVJnC/R6B0pH5G4V3b0pVbL7DBj4tkhBAppbQUlf6F6Xl9LHu1g==",
        "dependencies": {}
      },
      "mime-db@1.52.0": {
        "integrity": "sha512-sPU4uV7dYlvtWJxwwxHD0PuihVNiE7TyAbQ5SWxDCB9mUYvOgroQOwYQQOKPJ8CIbE+1ETVlOoK1UC2nU3gYvg==",
        "dependencies": {}
      },
      "mime-types@2.1.35": {
        "integrity": "sha512-ZDY+bPm5zTTF+YpCrAU9nK0UgICYPT0QtT1NZWFv4s++TNkcgVaT0g6+4R2uI4MjQjzysHB1zxuWL50hzaeXiw==",
        "dependencies": {
          "mime-db": "mime-db@1.52.0"
        }
      },
      "ms@2.1.3": {
        "integrity": "sha512-6FlzubTLZG3J2a/NVCAleEhjzq5oxgHyaCU9yYXvcLsvoVaHJq/s5xXI6/XXP6tz7R9xAOtHnSO/tXtF3WRTlA==",
        "dependencies": {}
      },
      "node-domexception@1.0.0": {
        "integrity": "sha512-/jKZoMpw0F8GRwl4/eLROPA3cfcXtLApP0QzLmUT/HuPCZWyB7IY9ZrMeKw2O/nFIqPQB3PVM9aYm0F312AXDQ==",
        "dependencies": {}
      },
      "node-fetch@2.7.0": {
        "integrity": "sha512-c4FRfUm/dbcWZ7U+1Wq0AwCyFL+3nt2bEw05wfxSz+DWpWsitgmSgYmy2dQdWyKC1694ELPqMs/YzUSNozLt8A==",
        "dependencies": {
          "whatwg-url": "whatwg-url@5.0.0"
        }
      },
      "openai@4.97.0": {
        "integrity": "sha512-LRoiy0zvEf819ZUEJhgfV8PfsE8G5WpQi4AwA1uCV8SKvvtXQkoWUFkepD6plqyJQRghy2+AEPQ07FrJFKHZ9Q==",
        "dependencies": {
          "@types/node": "@types/node@18.17.17",
          "@types/node-fetch": "@types/node-fetch@2.6.12",
          "abort-controller": "abort-controller@3.0.0",
          "agentkeepalive": "agentkeepalive@4.6.0",
          "form-data-encoder": "form-data-encoder@1.7.2",
          "formdata-node": "formdata-node@4.4.1",
          "node-fetch": "node-fetch@2.7.0"
        }
      },
      "tr46@0.0.3": {
        "integrity": "sha512-N3WMsuqV66lT30CrXNbEjx4GEwlow3v6rr4mCcv6prnfwhS01rkgyFdjPNBYd9br7LpXV1+Emh01fHnq2Gdgrw==",
        "dependencies": {}
      },
      "web-streams-polyfill@4.0.0-beta.3": {
        "integrity": "sha512-QW95TCTaHmsYfHDybGMwO5IJIM93I/6vTRk+daHTWFPhwh+C8Cg7j7XyKrwrj8Ib6vYXe0ocYNrmzY4xAAN6ug==",
        "dependencies": {}
      },
      "webidl-conversions@3.0.1": {
        "integrity": "sha512-2JAn3z8AR6rjK8Sm8orRC0h/bcl/DqL7tRPdGZ4I1CjdF+EaMLmYxBHyXuKL849eucPFhvBoxMsflfOb8kxaeQ==",
        "dependencies": {}
      },
      "whatwg-url@5.0.0": {
        "integrity": "sha512-saE57nupxk6v3HY35+jzBwYa0rKSy0XR8JSxZPwgLr7ys0IBzhGviA1/TUGJLmSVqs8pb9AnvICXEuOHLprYTw==",
        "dependencies": {
          "tr46": "tr46@0.0.3",
          "webidl-conversions": "webidl-conversions@3.0.1"
        }
      }
    }
  },
  "remote": {
    "https://deno.land/std@0.131.0/_util/assert.ts": "e94f2eb37cebd7f199952e242c77654e43333c1ac4c5c700e929ea3aa5489f74",
    "https://deno.land/std@0.131.0/_util/os.ts": "49b92edea1e82ba295ec946de8ffd956ed123e2948d9bd1d3e901b04e4307617",
    "https://deno.land/std@0.131.0/bytes/bytes_list.ts": "67eb118e0b7891d2f389dad4add35856f4ad5faab46318ff99653456c23b025d",
    "https://deno.land/std@0.131.0/bytes/equals.ts": "fc16dff2090cced02497f16483de123dfa91e591029f985029193dfaa9d894c9",
    "https://deno.land/std@0.131.0/bytes/mod.ts": "d3b455c0dbd4804644159d1e25946ade5ee385d2359894de49e2c6101b18b7a9",
    "https://deno.land/std@0.131.0/encoding/base64.ts": "c8c16b4adaa60d7a8eee047c73ece26844435e8f7f1328d74593dbb2dd58ea4f",
    "https://deno.land/std@0.131.0/http/http_status.ts": "71838ad33cb03ff2575f5e8fdea5f930979cdff8a81c11ade497f11d4c026019",
    "https://deno.land/std@0.131.0/io/buffer.ts": "bd0c4bf53db4b4be916ca5963e454bddfd3fcd45039041ea161dbf826817822b",
    "https://deno.land/std@0.131.0/io/readers.ts": "679471f3b9929b54393c9cd75b6bd178b4bc6d9aab5c0f1f9538f862cf4746fe",
    "https://deno.land/std@0.131.0/path/_constants.ts": "df1db3ffa6dd6d1252cc9617e5d72165cd2483df90e93833e13580687b6083c3",
    "https://deno.land/std@0.131.0/path/_interface.ts": "ee3b431a336b80cf445441109d089b70d87d5e248f4f90ff906820889ecf8d09",
    "https://deno.land/std@0.131.0/path/_util.ts": "c1e9686d0164e29f7d880b2158971d805b6e0efc3110d0b3e24e4b8af2190d2b",
    "https://deno.land/std@0.131.0/path/common.ts": "bee563630abd2d97f99d83c96c2fa0cca7cee103e8cb4e7699ec4d5db7bd2633",
    "https://deno.land/std@0.131.0/path/glob.ts": "cb5255638de1048973c3e69e420c77dc04f75755524cb3b2e160fe9277d939ee",
    "https://deno.land/std@0.131.0/path/mod.ts": "4275129bb766f0e475ecc5246aa35689eeade419d72a48355203f31802640be7",
    "https://deno.land/std@0.131.0/path/posix.ts": "663e4a6fe30a145f56aa41a22d95114c4c5582d8b57d2d7c9ed27ad2c47636bb",
    "https://deno.land/std@0.131.0/path/separator.ts": "fe1816cb765a8068afb3e8f13ad272351c85cbc739af56dacfc7d93d710fe0f9",
    "https://deno.land/std@0.131.0/path/win32.ts": "e7bdf63e8d9982b4d8a01ef5689425c93310ece950e517476e22af10f41a136e",
    "https://deno.land/std@0.131.0/streams/conversion.ts": "712585bfa0172a97fb68dd46e784ae8ad59d11b88079d6a4ab098ff42e697d21",
    "https://deno.land/std@0.177.0/collections/filter_values.ts": "5b9feaf17b9a6e5ffccdd36cf6f38fa4ffa94cff2602d381c2ad0c2a97929652",
    "https://deno.land/std@0.177.0/collections/without_all.ts": "a89f5da0b5830defed4f59666e188df411d8fece35a5f6ca69be6ca71a95c185",
    "https://deno.land/std@0.177.0/dotenv/mod.ts": "8dcbc8a40b896a0bf094582aaeadbfc76d3528872faf2efc0302beb1d2f6afd0",
    "https://deno.land/x/cors@v1.2.0/abcCors.ts": "6807fd2d3ffda52a0251d2f5284293c978207d65fbbb045e948798688c1f5804",
    "https://deno.land/x/cors@v1.2.0/attainCors.ts": "fe137c4524c4dd627ecb2cb19a3acdda3d12718e40fdcf4351ca632dfed4b5a5",
    "https://deno.land/x/cors@v1.2.0/cors.ts": "94f632c2d815dc0d721ba726f32aa215a014caa4a736b6218a9864c98ec66750",
    "https://deno.land/x/cors@v1.2.0/mithCors.ts": "fe440ac034b62d0aff02ada2a27bf42754d4dd8dc36146c84ac125e38af65363",
    "https://deno.land/x/cors@v1.2.0/mod.ts": "2b351913f56d77ad80cb3b8633d4539c9eeddb426dae79437ada0e6a9cb4f1a6",
    "https://deno.land/x/cors@v1.2.0/oakCors.ts": "e9d3da38f8eb4be2187fff6f9c78f701600166929291605ed4c2d783f6b42b14",
    "https://deno.land/x/cors@v1.2.0/opineCors.ts": "9b934c3dfa2f80005fe7fdcd5114fbba258a9e52bb00606a849458b33468350d",
    "https://deno.land/x/cors@v1.2.0/types.ts": "97546633ccc7f0df7a29bacba5d91dc6f61decdd1b65258300244dba905d34b8",
    "https://deno.land/x/deno_dom@v0.1.22-alpha/build/deno-wasm/deno-wasm.js": "077162a693528034d8ef84b6602e3562db3ce07c15ce2cf547fe76f7ef48f940",
    "https://deno.land/x/deno_dom@v0.1.22-alpha/deno-dom-wasm.ts": "bfd999a493a6974e9fca4d331bee03bfb68cfc600c662cd0b48b21d67a2a8ba0",
    "https://deno.land/x/deno_dom@v0.1.22-alpha/src/api.ts": "cddf406ac2bb73b3b92b1c587acf0a74519884a6e6798b2dbebe9a7ba8842d35",
    "https://deno.land/x/deno_dom@v0.1.22-alpha/src/constructor-lock.ts": "59714df7e0571ec7bd338903b1f396202771a6d4d7f55a452936bd0de9deb186",
    "https://deno.land/x/deno_dom@v0.1.22-alpha/src/deserialize.ts": "3c8ec2fccddac7af0963816f44940a420c4ecea6bb41c0e9d4485a3f26dd712e",
    "https://deno.land/x/deno_dom@v0.1.22-alpha/src/dom/document-fragment.ts": "a40c6e18dd0efcf749a31552c1c9a6f7fa614452245e86ee38fc92ba0235e5ae",
    "https://deno.land/x/deno_dom@v0.1.22-alpha/src/dom/document.ts": "f6dc03ac37170b93c97c2c1e7034e3e35b3434c709a4978f2eeaf0ca177588b4",
    "https://deno.land/x/deno_dom@v0.1.22-alpha/src/dom/dom-parser.ts": "609097b426f8c2358f3e5d2bca55ed026cf26cdf86562e94130dfdb0f2537f92",
    "https://deno.land/x/deno_dom@v0.1.22-alpha/src/dom/element.ts": "68256e45aee0ba5b2c784f3b2d6e1492bf424bc0216bf6940723054ee3461636",
    "https://deno.land/x/deno_dom@v0.1.22-alpha/src/dom/html-collection.ts": "ae90197f5270c32074926ad6cf30ee07d274d44596c7e413c354880cebce8565",
    "https://deno.land/x/deno_dom@v0.1.22-alpha/src/dom/node-list.ts": "d9c07baf0acc383112cbabafacf26a0aedb04d0866645e7485f5ab23e470b6f8",
    "https://deno.land/x/deno_dom@v0.1.22-alpha/src/dom/node.ts": "76a73a970e05b9d00b4f9249d5276c68a05581313eb070c269109d6268c2a7b9",
    "https://deno.land/x/deno_dom@v0.1.22-alpha/src/dom/selectors/custom-api.ts": "852696bd58e534bc41bd3be9e2250b60b67cd95fd28ed16b1deff1d548531a71",
    "https://deno.land/x/deno_dom@v0.1.22-alpha/src/dom/selectors/nwsapi-types.ts": "c43b36c36acc5d32caabaa54fda8c9d239b2b0fcbce9a28efb93c84aa1021698",
    "https://deno.land/x/deno_dom@v0.1.22-alpha/src/dom/selectors/nwsapi.js": "10a2bf1409c9e82f3d6b604d275dd3418cb26348e659411502e19b6aed699772",
    "https://deno.land/x/deno_dom@v0.1.22-alpha/src/dom/selectors/selectors.ts": "83eab57be2290fb48e3130533448c93c6c61239f2a2f3b85f1917f80ca0fdc75",
    "https://deno.land/x/deno_dom@v0.1.22-alpha/src/dom/selectors/sizzle-types.ts": "78149e2502409989ce861ed636b813b059e16bc267bb543e7c2b26ef43e4798b",
    "https://deno.land/x/deno_dom@v0.1.22-alpha/src/dom/selectors/sizzle.js": "c3aed60c1045a106d8e546ac2f85cc82e65f62d9af2f8f515210b9212286682a",
    "https://deno.land/x/deno_dom@v0.1.22-alpha/src/dom/utils-types.ts": "96db30e3e4a75b194201bb9fa30988215da7f91b380fca6a5143e51ece2a8436",
    "https://deno.land/x/deno_dom@v0.1.22-alpha/src/dom/utils.ts": "90a2bfb9507be15ee0567352dc722582938336e6069871efe21997d8dc2aa605",
    "https://deno.land/x/deno_dom@v0.1.22-alpha/src/parser.ts": "b65eb7e673fa7ca611de871de109655f0aa9fa35ddc1de73df1a5fc2baafc332",
    "https://deno.land/x/media_types@v3.0.2/mod.ts": "79e480ab73367a18f5753221bfee92657b9154f03790135bcdf75924f9884b22",
    "https://deno.land/x/oak@v10.5.1/application.ts": "37a78bc0464fa677df5c290ee9a30de1e3da7c6e0ce6c2ff4a721455d5d47b6b",
    "https://deno.land/x/oak@v10.5.1/body.ts": "80ef7b8e7bb6bd7907ecdfb9148bffdbde10f9d3be9336d84075038473f804a1",
    "https://deno.land/x/oak@v10.5.1/buf_reader.ts": "7cf96aa0ac670b75098113cf88a291a68332cc45efa8a9698f064ac5b8098a0f",
    "https://deno.land/x/oak@v10.5.1/content_disposition.ts": "8b8c3cb2fba7138cd5b7f82fc3b5ea39b33db924a824b28261659db7e164621e",
    "https://deno.land/x/oak@v10.5.1/context.ts": "078306333a79f1010a49d5e9a05fca3dbc0c18fbda7610fa05400fa2e6eb9f95",
    "https://deno.land/x/oak@v10.5.1/cookies.ts": "d9f94b99f26c6169c6982ce12323c41a548d001bfc28f464264c22dc3dbf2181",
    "https://deno.land/x/oak@v10.5.1/deps.ts": "49d2150d6acc593f34700e76ecdfcf2f4bf59aa948c8f1123da63ed41ffaf2ea",
    "https://deno.land/x/oak@v10.5.1/etag.ts": "19918f5e1964e3fe6c9fe524a88ffbf9900ce1dfe4146b187b2a86256bb6b663",
    "https://deno.land/x/oak@v10.5.1/headers.ts": "9a28c40344e85be0877e192210f89d7de12fa3fc4e9c959f7480f6fc4006fcfe",
    "https://deno.land/x/oak@v10.5.1/helpers.ts": "42212afa07a560b2958359cc19577417e89d9574d6579551a0af36ff7f00cc6e",
    "https://deno.land/x/oak@v10.5.1/httpError.ts": "8368d20c2bbb1e97eab0f9de5752ed04217675b4b5f33862a4e0bde71a492096",
    "https://deno.land/x/oak@v10.5.1/http_server_native.ts": "383295e11355161352d7ad384b976e257e3f6b2c4deb0ae972f7a28f697341fc",
    "https://deno.land/x/oak@v10.5.1/http_server_native_request.ts": "07910ea2ed51af6c4e69addf9015cdd8d2b5c9ee03fd4993e386834a129a9eb6",
    "https://deno.land/x/oak@v10.5.1/isMediaType.ts": "e7457f8c14245a7bb9a3a48000d50e112bb6fcafeab8fd7bcff16363a0cd8687",
    "https://deno.land/x/oak@v10.5.1/keyStack.ts": "7594ef9ff4f9be12a4ad23471a5f8bcbdeb5c1ec8ff51229b47114176b5f280d",
    "https://deno.land/x/oak@v10.5.1/mediaTyper.ts": "042b853fc8e9c3f6c628dd389e03ef481552bf07242efc3f8a1af042102a6105",
    "https://deno.land/x/oak@v10.5.1/middleware.ts": "de14f045a2ddfe845d89b5d3140ff52cbcc6f3b3965391106ce04480f9786737",
    "https://deno.land/x/oak@v10.5.1/middleware/proxy.ts": "b927232f97ec18af4185d7912e45b1191e3ffe24a9c875262ad524211b1274c9",
    "https://deno.land/x/oak@v10.5.1/mod.ts": "7a1b5169ef702e96dd994168879dbcbd8af4f639578b6300cbe1c6995d7f3f32",
    "https://deno.land/x/oak@v10.5.1/multipart.ts": "2daf24f8ed8b906ba55a631933b6b22353a80718b840d44d429e3333fb4d705a",
    "https://deno.land/x/oak@v10.5.1/negotiation/charset.ts": "b4c2e0c49dd5122f130f95bf29508448d983c424801b5bc304b00288b5ae3195",
    "https://deno.land/x/oak@v10.5.1/negotiation/common.ts": "f54d599d37408005f8c565d0f6505de51fed31feaa3654a7758e2359c006b02c",
    "https://deno.land/x/oak@v10.5.1/negotiation/encoding.ts": "60eb0fc3df57cc39eaa739e0e9e2cda6c20b3aa429d1a0108f503065f5709bbe",
    "https://deno.land/x/oak@v10.5.1/negotiation/language.ts": "62ef13ea3146538dd52a4666611bd423ebb9a6438e7312398e17a4d16dbafb51",
    "https://deno.land/x/oak@v10.5.1/negotiation/mediaType.ts": "7e25cc34600beea3bf0b0879ff1783c752260fcb517dffea2e122830c36e8451",
    "https://deno.land/x/oak@v10.5.1/range.ts": "d13898fcfc27f42309535f8e06ba522f51c811372c7d3bd657a957b52a481622",
    "https://deno.land/x/oak@v10.5.1/request.ts": "50c16bd8f8adef03fbb280de8f23b8ea1927fa813bbc87041c35078ad74e70f1",
    "https://deno.land/x/oak@v10.5.1/response.ts": "04d5faebf53d79f69a093332fb2180904e8c47d3666f60754b72ef8aca4cfef0",
    "https://deno.land/x/oak@v10.5.1/router.ts": "21e9cd4c1d83c9a0848e5943074a5ea748932d8a5fee9ce528f8bd790eaf6483",
    "https://deno.land/x/oak@v10.5.1/send.ts": "1e1766c9d2569af636315933fab46b35459893464a759c9a00ece9440eb0a992",
    "https://deno.land/x/oak@v10.5.1/server_sent_event.ts": "948b0fe4cb3fe38c7db15e476eb3b7671ef20e566d130e9f701d7c0146aa47dd",
    "https://deno.land/x/oak@v10.5.1/structured_clone.ts": "ecf42598652b8082f37252cb873d6e257ad728e6fe73c6bd61f343d94501fbde",
    "https://deno.land/x/oak@v10.5.1/testing.ts": "5a2c53dd48e0b45994de668082d26dba4c2a0694f2ceeb1e7c68d5aca170c73f",
    "https://deno.land/x/oak@v10.5.1/tssCompare.ts": "27f45f507ef21ba7b727b6c66b491543e6e1815c17194bf0b1d7a1ea5ab8027b",
    "https://deno.land/x/oak@v10.5.1/util.ts": "aeacf93c19afd01598584262589afbb2f9dfe6248c195c1a78c29373636afea2",
    "https://deno.land/x/openai@v4.20.1/_shims/MultipartBody.ts": "fe06a56b54ae358c9cf99823096e34b36795fdba2e17513f0e9539210edd797d",
    "https://deno.land/x/openai@v4.20.1/_shims/mod.ts": "df7a905c0bd873d3dab745b9c63403594b1804131b5f533e1e72a2f2747cba74",
    "https://deno.land/x/openai@v4.20.1/core.ts": "f63dd18846582debcbf9834b944f1a65c879b6f9624466d97198291dc0915400",
    "https://deno.land/x/openai@v4.20.1/error.ts": "82962c51d5894159afc3351e31133eacad9405674ea03c8ccd5ce071b88d5ebf",
    "https://deno.land/x/openai@v4.20.1/lib/AbstractChatCompletionRunner.ts": "6b87c60ba510ab029aafa6c24a80e83cf6983b5c519bb80da52266094a66241a",
    "https://deno.land/x/openai@v4.20.1/lib/ChatCompletionRunner.ts": "3c3a7b73cd79651d3aeab78770e35c6f16daa2fe35fbcf98fc74f45498e66f73",
    "https://deno.land/x/openai@v4.20.1/lib/ChatCompletionStream.ts": "39cec326472bb4a6c469638bae96b2d594f744cda1e86983d713360648b68ac1",
    "https://deno.land/x/openai@v4.20.1/lib/ChatCompletionStreamingRunner.ts": "84dee0a2c2c174f32cbd3b8df740979ca49e4b9c765b347113627c5227325f00",
    "https://deno.land/x/openai@v4.20.1/lib/RunnableFunction.ts": "3eb14dbe7e7c56c8d14e22e758b8dd115569dba257a80de86bddce2e1e247957",
    "https://deno.land/x/openai@v4.20.1/lib/chatCompletionUtils.ts": "4991d3e698a54f8e4273eb0f1d73851f7ba549a0a32fabbcd739627677003cb9",
    "https://deno.land/x/openai@v4.20.1/lib/jsonschema.ts": "ed31a7861e19e505c43aa7612579b2739243ee8e8dd47ccb5f8908fa5ff3b5f0",
    "https://deno.land/x/openai@v4.20.1/mod.ts": "323df13276faead49d212ecbb535a4cd253ce911cdd527d514cbc3b16a92d066",
    "https://deno.land/x/openai@v4.20.1/pagination.ts": "cff578222c3cd20ba48d86ddc596b45c45f134e8e0f1fd84ee6ee7438457fecf",
    "https://deno.land/x/openai@v4.20.1/resource.ts": "ab3af12d680ecd58fad8f1ff5cd64b48314155bfbd1c4498d1cadd914f8a1316",
    "https://deno.land/x/openai@v4.20.1/resources/audio/audio.ts": "5e29281f42c8938e9ae93284fc360b4d7fa9c21cd79fe03a48e98e8b317edab0",
    "https://deno.land/x/openai@v4.20.1/resources/audio/speech.ts": "8e49ad3a136095e5276e625d5d765fa3a5152ee9fd463fece505245c90f2e419",
    "https://deno.land/x/openai@v4.20.1/resources/audio/transcriptions.ts": "3b6881e3c4ab19a0946f7bc5f91c2e64eefcf8e37fd715ab464d0dc27590df1c",
    "https://deno.land/x/openai@v4.20.1/resources/audio/translations.ts": "9785bc24a8a555e06898a029f943169934f15051862cf7e824f32defdc19d485",
    "https://deno.land/x/openai@v4.20.1/resources/beta/assistants/assistants.ts": "e53e8edb16a1c794a84148a140ddf7e64f0d8c09f557e3925e0ce4972885f7be",
    "https://deno.land/x/openai@v4.20.1/resources/beta/assistants/files.ts": "a923a0ae4f8f7a2953709ba97e7849e212c62571fd6075670ee695b5ed6eb117",
    "https://deno.land/x/openai@v4.20.1/resources/beta/beta.ts": "fbcb0b5065cd8093173544282a9208e6f6b89f66b5dbe62c420cd3ad5fa6aff8",
    "https://deno.land/x/openai@v4.20.1/resources/beta/chat/chat.ts": "27c8bfae3bd25d2c7a76e61af3bb63dbf39406ee826282fb1f1502bd5b577cd3",
    "https://deno.land/x/openai@v4.20.1/resources/beta/chat/completions.ts": "b8465a8ce4eef0321a626d7b81afba082ec00a64049fa608a75fbe4c32e16757",
    "https://deno.land/x/openai@v4.20.1/resources/beta/threads/messages/files.ts": "bd50ec629f6216944a42455ea5f9ec992885df346637f46ede3a4c71fb04246f",
    "https://deno.land/x/openai@v4.20.1/resources/beta/threads/messages/messages.ts": "34ac0d56bf22a5fe6d7853d8c921b81f35817dc76ce7875f7763101bd7449544",
    "https://deno.land/x/openai@v4.20.1/resources/beta/threads/runs/runs.ts": "119df4a929d95228f7cc7da7c360016b7e4792f0e881d2c2e93eb9918ccfec1a",
    "https://deno.land/x/openai@v4.20.1/resources/beta/threads/runs/steps.ts": "f2bf9b8d1e621f4bac680cda81d2d772262fdc36e817f7f00e07b3e3da873957",
    "https://deno.land/x/openai@v4.20.1/resources/beta/threads/threads.ts": "c38ee69e89a6ca36de824fd4b6997c77ac603aa928ffb97ea3e3614a12e34ee4",
    "https://deno.land/x/openai@v4.20.1/resources/chat/chat.ts": "e728dc93430dbfc9e0b8c8fd85586c3df7a62e19e76f8e50cd61908870307b46",
    "https://deno.land/x/openai@v4.20.1/resources/chat/completions.ts": "015a5c554fb66c235eb65d9263105599741e21b9981c193c499b6679d96ded63",
    "https://deno.land/x/openai@v4.20.1/resources/chat/mod.ts": "480cc1f33b18f1336c1a9f7901555a4f90a0e0d76fb6d584719d4d44e904b02e",
    "https://deno.land/x/openai@v4.20.1/resources/completions.ts": "0626392e82360050233b630910f2a36baad3b1bc76bba6f9c2c2f98e08a40e22",
    "https://deno.land/x/openai@v4.20.1/resources/edits.ts": "847a392dfe2d6a3614a20f46e013acaeb06e69de40a4106b012cb99f02fcfc23",
    "https://deno.land/x/openai@v4.20.1/resources/embeddings.ts": "9fb5b08e9e3ab80c05fcf49498a7658c62b3adf00a02955d21dfd6d0d63c144d",
    "https://deno.land/x/openai@v4.20.1/resources/files.ts": "ce845094c3d37267a09a81ff5f0b271e9a7816ee90a584c4d7316f577d8510a7",
    "https://deno.land/x/openai@v4.20.1/resources/fine-tunes.ts": "d4b7f4d758b0bfe6e5350d58ebe57150aa3426dc5143ec5815b4e231adffff0f",
    "https://deno.land/x/openai@v4.20.1/resources/fine-tuning/fine-tuning.ts": "c6021ccd5d6f062e6d6178882fba60fdfe51d5f54a0fd45a62d0823b21ca3314",
    "https://deno.land/x/openai@v4.20.1/resources/fine-tuning/jobs.ts": "9a619aa3f433ab24f8847129329e3d6105f4f59d4a02853e40097c1c423dcbff",
    "https://deno.land/x/openai@v4.20.1/resources/images.ts": "ac7153dd8bb7bdc93efb2ad2868a7acca5688f942936988273e23378a660a345",
    "https://deno.land/x/openai@v4.20.1/resources/mod.ts": "a2217f5ca1dfb6d64f752c673ac0348e85808cf956616571b203365ffe8e002d",
    "https://deno.land/x/openai@v4.20.1/resources/models.ts": "83f81fc5075a6ac2cdb6515014b7e9ce0d311f698ea416e8bf305573786ea809",
    "https://deno.land/x/openai@v4.20.1/resources/moderations.ts": "e3ebf9638af6c18e9a9ea875d1397580a501890ed9bd6710b2248a1b21bec30a",
    "https://deno.land/x/openai@v4.20.1/resources/shared.ts": "a3986a3bbdb8f62da18b5c96d6abef17970e08fbb6e1469917cf7c879de83220",
    "https://deno.land/x/openai@v4.20.1/streaming.ts": "f360cf909b07562330ca75470ae26eecdc35f176af424b0f74ab673a5b242782",
    "https://deno.land/x/openai@v4.20.1/uploads.ts": "96dbd9e7e7b5a9bc3ff38e81f6c1372c2cdce28b38c704cd61c7daeb5494b6f9",
    "https://deno.land/x/openai@v4.20.1/version.ts": "55cb1dcb3480047da666ac02403f7174e8b5c072c4e8483a56e4eab96da13757",
    "https://deno.land/x/openai@v4.69.0/_shims/MultipartBody.ts": "fe06a56b54ae358c9cf99823096e34b36795fdba2e17513f0e9539210edd797d",
    "https://deno.land/x/openai@v4.69.0/_shims/mod.ts": "2e253cb26bfa7060bd37e45626e60e4bf3e7b3fb3e0f559fdfdeef94c73f9372",
    "https://deno.land/x/openai@v4.69.0/_vendor/partial-json-parser/parser.ts": "5ee7caf85edb570fb4b95a81e8fb48fc3c9450b70a46efe7f9c1a2010738d060",
    "https://deno.land/x/openai@v4.69.0/core.ts": "1a22d633616438e05192c7220c2e6206ce16fb1c46316a50ac4b0e786b1617cb",
    "https://deno.land/x/openai@v4.69.0/error.ts": "ffe2c1e6a373a88593c70289b94a44a508a925fde16807e489fa146b538f37de",
    "https://deno.land/x/openai@v4.69.0/internal/decoders/line.ts": "6ca47bdd694f2b96506012aa3f4d23a82d71d44dbe66f6f07d62e4733b161bfb",
    "https://deno.land/x/openai@v4.69.0/internal/qs/formats.ts": "7bbe68548238a984644a723bd045614c5b0e81c1a0ae5c3acc050931442d67d7",
    "https://deno.land/x/openai@v4.69.0/internal/qs/mod.ts": "eab02831aa5e2896d12b824cebf9b2c3a0fc718e8488a05b6d7c2d35895c102a",
    "https://deno.land/x/openai@v4.69.0/internal/qs/stringify.ts": "777514fc7107d6878a8ac80897bd4ca6f9be7ecf67ecf51f57359ec5e7186763",
    "https://deno.land/x/openai@v4.69.0/internal/qs/utils.ts": "9a2ecb6321ed49aa4e6f7cd7a47778365c7c3778283264c7c5e1756bfd7b97d1",
    "https://deno.land/x/openai@v4.69.0/lib/AbstractChatCompletionRunner.ts": "be24ad750e83495a1ec0ea2a6695798f6210e5f939a5d358597f3e46836c7d7c",
    "https://deno.land/x/openai@v4.69.0/lib/AssistantStream.ts": "4d7ab356cc77299e98a5926908ed080de2af0083bba6a1ffeb5509bc8f8d0a9d",
    "https://deno.land/x/openai@v4.69.0/lib/ChatCompletionRunner.ts": "f2038e4b0000d59bdfe601703ca9326085e493ba4b90ed8186a61d75d2377248",
    "https://deno.land/x/openai@v4.69.0/lib/ChatCompletionStream.ts": "4cb95561b01aa471895d398f1461a96c7272b0efd2c010ad1d4b9620a7ae1f47",
    "https://deno.land/x/openai@v4.69.0/lib/ChatCompletionStreamingRunner.ts": "35f8658c5fb354a724f59eca13731523bf565520b5923c00d995b09e2ea9a56f",
    "https://deno.land/x/openai@v4.69.0/lib/EventStream.ts": "14836091490ea45c9d1168dd91c179dbad7757ca7c7f953049f2bce10b0cbf6e",
    "https://deno.land/x/openai@v4.69.0/lib/RunnableFunction.ts": "640a9d35f27b470a95711d841295ccc530b851dec274f9a70bcd12cb04041545",
    "https://deno.land/x/openai@v4.69.0/lib/Util.ts": "aa555aecdbba8b0ae2e8a982a6797cabc0942fa0d2e99ce629d243d9032941b8",
    "https://deno.land/x/openai@v4.69.0/lib/chatCompletionUtils.ts": "4991d3e698a54f8e4273eb0f1d73851f7ba549a0a32fabbcd739627677003cb9",
    "https://deno.land/x/openai@v4.69.0/lib/jsonschema.ts": "ed31a7861e19e505c43aa7612579b2739243ee8e8dd47ccb5f8908fa5ff3b5f0",
    "https://deno.land/x/openai@v4.69.0/lib/parser.ts": "1461923499c521d97bdb7223adc228b3e1073f52d7d7c48822423081b8cc5c0c",
    "https://deno.land/x/openai@v4.69.0/mod.ts": "c6a4cb63aa253223a0de019872b6ec6fdbeb5dcec321e35a520484b3fea91904",
    "https://deno.land/x/openai@v4.69.0/pagination.ts": "02a6737ca6c987cab6effa2788327d022b9e0edc95dd98db0be986383f484e22",
    "https://deno.land/x/openai@v4.69.0/resource.ts": "c496dbda8dc6324d25fcef3d7233310935259d6aa0baf4b0d95039e4913f6380",
    "https://deno.land/x/openai@v4.69.0/resources/audio/audio.ts": "45b72cb5faa51c5823d7cc6b7629887373a0f3ccff6509c2d591ef08f1429a56",
    "https://deno.land/x/openai@v4.69.0/resources/audio/speech.ts": "406fd5cb6d9799dfbad09f4c9156797114550552f63d9a1822846b4e79f1950e",
    "https://deno.land/x/openai@v4.69.0/resources/audio/transcriptions.ts": "c0c9bdfb7a8c118947c70e8bb0d6e3e448c2a7dbf79ebfaa8beca5398dad87cb",
    "https://deno.land/x/openai@v4.69.0/resources/audio/translations.ts": "b09cafa74f0f4e9a6d78a687d898d1d9057556142c7df6d5b469f2693a8911d9",
    "https://deno.land/x/openai@v4.69.0/resources/batches.ts": "c74d0c40fd748fae60107297a10a62a1a98a646ac2a1b20e9be8499bdceeda57",
    "https://deno.land/x/openai@v4.69.0/resources/beta/assistants.ts": "dcf463ceb2424d6cbf8a3785c7d4074226b4a45388567773e5b88d62b81d871b",
    "https://deno.land/x/openai@v4.69.0/resources/beta/beta.ts": "18d141633c9ca356feed84f71789d37a0076f711012de4f0120a50226f9eaf88",
    "https://deno.land/x/openai@v4.69.0/resources/beta/chat/chat.ts": "80dc8786a4b895e9fb152495496f44ac669e95fbb9c2f5a3c0bd379f408b1e1c",
    "https://deno.land/x/openai@v4.69.0/resources/beta/chat/completions.ts": "4599a35da9351cd58ab46e536c3f62e207762f64655786de1f931438c125bf57",
    "https://deno.land/x/openai@v4.69.0/resources/beta/threads/messages.ts": "51acea64463644078110c67e280a49f630a8cefa62d7cff20c8e2e1fa10ebf0d",
    "https://deno.land/x/openai@v4.69.0/resources/beta/threads/runs/runs.ts": "a26a407ef55673e38e6c51abc8623a6469aed59d8a8fdde8706993e54694cb27",
    "https://deno.land/x/openai@v4.69.0/resources/beta/threads/runs/steps.ts": "6c4860df114632ff38fafb2e1dc7485b77dcf88570bc07544016c847db4ed21b",
    "https://deno.land/x/openai@v4.69.0/resources/beta/threads/threads.ts": "e410ba22441ce0d8dcfc155a5b57823189ff77ece733f6e8b932db4f3706f22f",
    "https://deno.land/x/openai@v4.69.0/resources/beta/vector-stores/file-batches.ts": "9b727c0aa5306580bfc0c474ce1871968707dfa3906fba05d737f95cc05af406",
    "https://deno.land/x/openai@v4.69.0/resources/beta/vector-stores/files.ts": "fff8fa00e3df2608741e7b83a95264b3bf9400bf9fe820e2a5ae72d7ea3f0198",
    "https://deno.land/x/openai@v4.69.0/resources/beta/vector-stores/vector-stores.ts": "544bdb83534d746d5577801c092a92e1d515571d68fa6509954089b11e813c91",
    "https://deno.land/x/openai@v4.69.0/resources/chat/chat.ts": "8209074deaa9a91a7c0fb660eba0bf09358c450cb0e9a2c0ed3df902e05658f6",
    "https://deno.land/x/openai@v4.69.0/resources/chat/completions.ts": "86e69cd410849236487f72a2086045c3a350de9b34552c2eb1716252c0f45268",
    "https://deno.land/x/openai@v4.69.0/resources/chat/mod.ts": "5bf995771df8aa7e86c1ede244f3d710841fb60276456e016a2f5fca595f3388",
    "https://deno.land/x/openai@v4.69.0/resources/completions.ts": "eed691559845988ce6ae9149fd4529977addb38174cb94165ebb7fc101fe052d",
    "https://deno.land/x/openai@v4.69.0/resources/embeddings.ts": "f85f38aeb2963535a11065b4a1852e07ab5428ec1b0b7997d3d1027f0d4adc4d",
    "https://deno.land/x/openai@v4.69.0/resources/files.ts": "b3edff249bbd1bd29c4bac1d2d32dfb44e9afbea0cbf31f37b240748059cff55",
    "https://deno.land/x/openai@v4.69.0/resources/fine-tuning/fine-tuning.ts": "5cb89d96fc6d914ae2d68257a4d08a1f12c140c12b7892a14393177ca9c4ca2b",
    "https://deno.land/x/openai@v4.69.0/resources/fine-tuning/jobs/checkpoints.ts": "d5a62d828186fb54b50ac2aa0f82a8f9b0c66a7ece0728e79e30cf6e19251bdf",
    "https://deno.land/x/openai@v4.69.0/resources/fine-tuning/jobs/jobs.ts": "cce555739996ad8611963b2d68d328c757fa1535fa8fc347982ca8fae2d3d7ac",
    "https://deno.land/x/openai@v4.69.0/resources/images.ts": "5774e74b1e88b7ba696272fac83a41c1558737d2640da64bcdfb11ba253b0943",
    "https://deno.land/x/openai@v4.69.0/resources/mod.ts": "feac7be25f772e37663e9764a5c6ba6d95ee8aa44a664e119a858bd8c005f52f",
    "https://deno.land/x/openai@v4.69.0/resources/models.ts": "fc8620e0d93158560be0e941bbb298870c7f85515ec2a411602fb46a1269ea93",
    "https://deno.land/x/openai@v4.69.0/resources/moderations.ts": "b9fb1e5f9597b46628f0181decbbcef7abf54bfbe0f57953669e6c26b45ed6ee",
    "https://deno.land/x/openai@v4.69.0/resources/shared.ts": "79abd8e478551d04209384197e86a7bc390a5a3de5d10b0f60aa67c9af4ad3b4",
    "https://deno.land/x/openai@v4.69.0/resources/uploads/parts.ts": "261610445bbbacdf913aec27d9084dbdd95c524b5eb74c0a3b9cb650d6135584",
    "https://deno.land/x/openai@v4.69.0/resources/uploads/uploads.ts": "6d42e5238aecba708eed1b48ad5eab37d7a9950d06e5f74aa059c8b94cfeff36",
    "https://deno.land/x/openai@v4.69.0/streaming.ts": "cde0b254d2a56e2e737b93a80109bead39ebfe9a44595f4d6625a3e1b56311d0",
    "https://deno.land/x/openai@v4.69.0/uploads.ts": "8dd7822de2fdb6a46be3941af43788000d4a2b56104180403f68999370d04542",
    "https://deno.land/x/openai@v4.69.0/version.ts": "b3c8e3c467769a9a5fc99440804b57eacfa99303e796e22350972a77d67744c2",
    "https://deno.land/x/path_to_regexp@v6.2.0/index.ts": "e94c04a44bbecac99ff2db2d831afe98b423e627b775cb57fc7935f848c64c51",
    "https://raw.githubusercontent.com/jshttp/mime-db/v1.52.0/db.json": "85c8e1ba609079947c8df83c092900ab0226e1d7b60e5e7105fb7dd701833263"
  },
  "workspace": {
    "packageJson": {
      "dependencies": [
        "npm:lint-staged@^12.4.0"
      ]
    }
  }
}
